
Microsoft Visual Studio Solution File, Format Version 12.00
# Visual Studio Version 17
VisualStudioVersion = 17.1.32319.34
MinimumVisualStudioVersion = 10.0.40219.1
Project("{FAE04EC0-301F-11D3-BF4B-00C04F79EFBC}") = "PamAuthenticator", "PamAuthenticator\PamAuthenticator.csproj", "{021EC7C4-F936-4214-B395-62EB127DB5A8}"
EndProject
Project("{2150E333-8FDC-42A3-9474-1A3956D46DE8}") = "Tests", "Tests", "{D14A98B9-6CBB-4D2D-8ABF-EAB1A8FC2E58}"
EndProject
Project("{FAE04EC0-301F-11D3-BF4B-00C04F79EFBC}") = "PamAuthenticatorTests", "PamAuthenticatorTests\PamAuthenticatorTests.csproj", "{0219449E-092D-4B02-8042-2F557221E146}"
EndProject
Project("{FAE04EC0-301F-11D3-BF4B-00C04F79EFBC}") = "UserServiceInterface", "UserServiceInterface\UserServiceInterface.csproj", "{F7C57B3F-6E9C-4147-919E-63A30F0F635D}"
EndProject
Project("{FAE04EC0-301F-11D3-BF4B-00C04F79EFBC}") = "Common", "Common\Common.csproj", "{C506A6D7-EC0C-4357-870A-59E1C7FDE64A}"
EndProject
Project("{FAE04EC0-301F-11D3-BF4B-00C04F79EFBC}") = "ToolTests", "ToolTests\ToolTests.csproj", "{4E41DC60-F769-4C72-963E-23AE4DE964DF}"
EndProject
Project("{FAE04EC0-301F-11D3-BF4B-00C04F79EFBC}") = "Authorization", "Authorization\Authorization.csproj", "{E1E88E0D-FDB4-4469-8F00-10C7DBBD77A5}"
EndProject
Project("{2150E333-8FDC-42A3-9474-1A3956D46DE8}") = "Client-side", "Client-side", "{59A0EBCC-9242-430D-A875-8FF8E72D4170}"
EndProject
Project("{2150E333-8FDC-42A3-9474-1A3956D46DE8}") = "Server-side", "Server-side", "{D3F756DD-E331-4D8C-890F-BA391CC369A8}"
EndProject
Project("{2150E333-8FDC-42A3-9474-1A3956D46DE8}") = "Commons", "Commons", "{248208B7-D4C1-4F85-BFDD-4BE2C8F19C66}"
EndProject
Project("{FAE04EC0-301F-11D3-BF4B-00C04F79EFBC}") = "Common.Db", "Common.Db\Common.Db.csproj", "{4E3CC832-C403-43EB-9AD8-9BDD7DFC188C}"
EndProject
Project("{FAE04EC0-301F-11D3-BF4B-00C04F79EFBC}") = "AuthorizationTests", "AuthorizationTests\AuthorizationTests.csproj", "{AE9B331F-0014-412A-9F3F-B8E4AFA6974D}"
EndProject
Project("{FAE04EC0-301F-11D3-BF4B-00C04F79EFBC}") = "AccountManager", "AccountManager\AccountManager.csproj", "{90017FB9-16F3-4A44-9F26-B0C60995FFDA}"
EndProject
Project("{FAE04EC0-301F-11D3-BF4B-00C04F79EFBC}") = "AccountManagerClient", "AccountManagerClient\AccountManagerClient.csproj", "{7B03867E-9B85-4ED4-B40C-25AB6FBF4A70}"
EndProject
Project("{FAE04EC0-301F-11D3-BF4B-00C04F79EFBC}") = "Irbis64Plus", "Irbis64Plus\Irbis64Plus.csproj", "{21AFE84F-4E26-4E7C-A836-736DBA5CC3B8}"
EndProject
Project("{FAE04EC0-301F-11D3-BF4B-00C04F79EFBC}") = "AccountManagerData", "AccountManagerData\AccountManagerData.csproj", "{B0905A99-BF9B-42AC-8725-927622903212}"
EndProject
Project("{2150E333-8FDC-42A3-9474-1A3956D46DE8}") = "Irbis", "Irbis", "{E7208134-BCBE-46C6-8F65-A5CED5ABBB9F}"
EndProject
Project("{FAE04EC0-301F-11D3-BF4B-00C04F79EFBC}") = "Irbis64PlusTests", "Irbis64PlusTests\Irbis64PlusTests.csproj", "{07680E7E-043F-40CB-9BEC-F1DB7E66920E}"
EndProject
Project("{FAE04EC0-301F-11D3-BF4B-00C04F79EFBC}") = "ConsoleAppTest", "ConsoleAppTest\ConsoleAppTest.csproj", "{03C91601-B386-412E-9AF8-980BCAE7AD72}"
EndProject
Project("{FAE04EC0-301F-11D3-BF4B-00C04F79EFBC}") = "Common.Configurations", "Common.Configurations\Common.Configurations.csproj", "{AF56760C-50D1-409E-9981-CD0A79C3143F}"
EndProject
Global
	GlobalSection(SolutionConfigurationPlatforms) = preSolution
		Debug|Any CPU = Debug|Any CPU
		Release|Any CPU = Release|Any CPU
	EndGlobalSection
	GlobalSection(ProjectConfigurationPlatforms) = postSolution
		{021EC7C4-F936-4214-B395-62EB127DB5A8}.Debug|Any CPU.ActiveCfg = Debug|Any CPU
		{021EC7C4-F936-4214-B395-62EB127DB5A8}.Debug|Any CPU.Build.0 = Debug|Any CPU
		{021EC7C4-F936-4214-B395-62EB127DB5A8}.Release|Any CPU.ActiveCfg = Release|Any CPU
		{021EC7C4-F936-4214-B395-62EB127DB5A8}.Release|Any CPU.Build.0 = Release|Any CPU
		{0219449E-092D-4B02-8042-2F557221E146}.Debug|Any CPU.ActiveCfg = Debug|Any CPU
		{0219449E-092D-4B02-8042-2F557221E146}.Debug|Any CPU.Build.0 = Debug|Any CPU
		{0219449E-092D-4B02-8042-2F557221E146}.Release|Any CPU.ActiveCfg = Release|Any CPU
		{0219449E-092D-4B02-8042-2F557221E146}.Release|Any CPU.Build.0 = Release|Any CPU
		{F7C57B3F-6E9C-4147-919E-63A30F0F635D}.Debug|Any CPU.ActiveCfg = Debug|Any CPU
		{F7C57B3F-6E9C-4147-919E-63A30F0F635D}.Debug|Any CPU.Build.0 = Debug|Any CPU
		{F7C57B3F-6E9C-4147-919E-63A30F0F635D}.Release|Any CPU.ActiveCfg = Release|Any CPU
		{F7C57B3F-6E9C-4147-919E-63A30F0F635D}.Release|Any CPU.Build.0 = Release|Any CPU
		{C506A6D7-EC0C-4357-870A-59E1C7FDE64A}.Debug|Any CPU.ActiveCfg = Debug|Any CPU
		{C506A6D7-EC0C-4357-870A-59E1C7FDE64A}.Debug|Any CPU.Build.0 = Debug|Any CPU
		{C506A6D7-EC0C-4357-870A-59E1C7FDE64A}.Release|Any CPU.ActiveCfg = Release|Any CPU
		{C506A6D7-EC0C-4357-870A-59E1C7FDE64A}.Release|Any CPU.Build.0 = Release|Any CPU
		{4E41DC60-F769-4C72-963E-23AE4DE964DF}.Debug|Any CPU.ActiveCfg = Debug|Any CPU
		{4E41DC60-F769-4C72-963E-23AE4DE964DF}.Debug|Any CPU.Build.0 = Debug|Any CPU
		{4E41DC60-F769-4C72-963E-23AE4DE964DF}.Release|Any CPU.ActiveCfg = Release|Any CPU
		{4E41DC60-F769-4C72-963E-23AE4DE964DF}.Release|Any CPU.Build.0 = Release|Any CPU
		{E1E88E0D-FDB4-4469-8F00-10C7DBBD77A5}.Debug|Any CPU.ActiveCfg = Debug|Any CPU
		{E1E88E0D-FDB4-4469-8F00-10C7DBBD77A5}.Debug|Any CPU.Build.0 = Debug|Any CPU
		{E1E88E0D-FDB4-4469-8F00-10C7DBBD77A5}.Release|Any CPU.ActiveCfg = Release|Any CPU
		{E1E88E0D-FDB4-4469-8F00-10C7DBBD77A5}.Release|Any CPU.Build.0 = Release|Any CPU
		{4E3CC832-C403-43EB-9AD8-9BDD7DFC188C}.Debug|Any CPU.ActiveCfg = Debug|Any CPU
		{4E3CC832-C403-43EB-9AD8-9BDD7DFC188C}.Debug|Any CPU.Build.0 = Debug|Any CPU
		{4E3CC832-C403-43EB-9AD8-9BDD7DFC188C}.Release|Any CPU.ActiveCfg = Release|Any CPU
		{4E3CC832-C403-43EB-9AD8-9BDD7DFC188C}.Release|Any CPU.Build.0 = Release|Any CPU
		{AE9B331F-0014-412A-9F3F-B8E4AFA6974D}.Debug|Any CPU.ActiveCfg = Debug|Any CPU
		{AE9B331F-0014-412A-9F3F-B8E4AFA6974D}.Debug|Any CPU.Build.0 = Debug|Any CPU
		{AE9B331F-0014-412A-9F3F-B8E4AFA6974D}.Release|Any CPU.ActiveCfg = Release|Any CPU
		{AE9B331F-0014-412A-9F3F-B8E4AFA6974D}.Release|Any CPU.Build.0 = Release|Any CPU
		{90017FB9-16F3-4A44-9F26-B0C60995FFDA}.Debug|Any CPU.ActiveCfg = Debug|Any CPU
		{90017FB9-16F3-4A44-9F26-B0C60995FFDA}.Debug|Any CPU.Build.0 = Debug|Any CPU
		{90017FB9-16F3-4A44-9F26-B0C60995FFDA}.Release|Any CPU.ActiveCfg = Release|Any CPU
		{90017FB9-16F3-4A44-9F26-B0C60995FFDA}.Release|Any CPU.Build.0 = Release|Any CPU
		{7B03867E-9B85-4ED4-B40C-25AB6FBF4A70}.Debug|Any CPU.ActiveCfg = Debug|Any CPU
		{7B03867E-9B85-4ED4-B40C-25AB6FBF4A70}.Debug|Any CPU.Build.0 = Debug|Any CPU
		{7B03867E-9B85-4ED4-B40C-25AB6FBF4A70}.Release|Any CPU.ActiveCfg = Release|Any CPU
		{7B03867E-9B85-4ED4-B40C-25AB6FBF4A70}.Release|Any CPU.Build.0 = Release|Any CPU
		{21AFE84F-4E26-4E7C-A836-736DBA5CC3B8}.Debug|Any CPU.ActiveCfg = Debug|Any CPU
		{21AFE84F-4E26-4E7C-A836-736DBA5CC3B8}.Debug|Any CPU.Build.0 = Debug|Any CPU
		{21AFE84F-4E26-4E7C-A836-736DBA5CC3B8}.Release|Any CPU.ActiveCfg = Release|Any CPU
		{21AFE84F-4E26-4E7C-A836-736DBA5CC3B8}.Release|Any CPU.Build.0 = Release|Any CPU
		{B0905A99-BF9B-42AC-8725-927622903212}.Debug|Any CPU.ActiveCfg = Debug|Any CPU
		{B0905A99-BF9B-42AC-8725-927622903212}.Debug|Any CPU.Build.0 = Debug|Any CPU
		{B0905A99-BF9B-42AC-8725-927622903212}.Release|Any CPU.ActiveCfg = Release|Any CPU
		{B0905A99-BF9B-42AC-8725-927622903212}.Release|Any CPU.Build.0 = Release|Any CPU
		{07680E7E-043F-40CB-9BEC-F1DB7E66920E}.Debug|Any CPU.ActiveCfg = Debug|Any CPU
		{07680E7E-043F-40CB-9BEC-F1DB7E66920E}.Debug|Any CPU.Build.0 = Debug|Any CPU
		{07680E7E-043F-40CB-9BEC-F1DB7E66920E}.Release|Any CPU.ActiveCfg = Release|Any CPU
		{07680E7E-043F-40CB-9BEC-F1DB7E66920E}.Release|Any CPU.Build.0 = Release|Any CPU
		{03C91601-B386-412E-9AF8-980BCAE7AD72}.Debug|Any CPU.ActiveCfg = Debug|Any CPU
		{03C91601-B386-412E-9AF8-980BCAE7AD72}.Debug|Any CPU.Build.0 = Debug|Any CPU
		{03C91601-B386-412E-9AF8-980BCAE7AD72}.Release|Any CPU.ActiveCfg = Release|Any CPU
		{03C91601-B386-412E-9AF8-980BCAE7AD72}.Release|Any CPU.Build.0 = Release|Any CPU
		{AF56760C-50D1-409E-9981-CD0A79C3143F}.Debug|Any CPU.ActiveCfg = Debug|Any CPU
		{AF56760C-50D1-409E-9981-CD0A79C3143F}.Debug|Any CPU.Build.0 = Debug|Any CPU
		{AF56760C-50D1-409E-9981-CD0A79C3143F}.Release|Any CPU.ActiveCfg = Release|Any CPU
		{AF56760C-50D1-409E-9981-CD0A79C3143F}.Release|Any CPU.Build.0 = Release|Any CPU
	EndGlobalSection
	GlobalSection(SolutionProperties) = preSolution
		HideSolutionNode = FALSE
	EndGlobalSection
	GlobalSection(ExtensibilityGlobals) = postSolution
		SolutionGuid = {617E3FD3-4B0B-4E2E-8C1E-C1DD4E07A148}
	EndGlobalSection
	GlobalSection(NestedProjects) = preSolution
		{0219449E-092D-4B02-8042-2F557221E146} = {D14A98B9-6CBB-4D2D-8ABF-EAB1A8FC2E58}
		{4E41DC60-F769-4C72-963E-23AE4DE964DF} = {D14A98B9-6CBB-4D2D-8ABF-EAB1A8FC2E58}
		{E1E88E0D-FDB4-4469-8F00-10C7DBBD77A5} = {D3F756DD-E331-4D8C-890F-BA391CC369A8}
		{C506A6D7-EC0C-4357-870A-59E1C7FDE64A} = {248208B7-D4C1-4F85-BFDD-4BE2C8F19C66}
		{021EC7C4-F936-4214-B395-62EB127DB5A8} = {59A0EBCC-9242-430D-A875-8FF8E72D4170}
		{F7C57B3F-6E9C-4147-919E-63A30F0F635D} = {248208B7-D4C1-4F85-BFDD-4BE2C8F19C66}
		{4E3CC832-C403-43EB-9AD8-9BDD7DFC188C} = {248208B7-D4C1-4F85-BFDD-4BE2C8F19C66}
		{AE9B331F-0014-412A-9F3F-B8E4AFA6974D} = {D14A98B9-6CBB-4D2D-8ABF-EAB1A8FC2E58}
		{90017FB9-16F3-4A44-9F26-B0C60995FFDA} = {D3F756DD-E331-4D8C-890F-BA391CC369A8}
		{7B03867E-9B85-4ED4-B40C-25AB6FBF4A70} = {59A0EBCC-9242-430D-A875-8FF8E72D4170}
		{B0905A99-BF9B-42AC-8725-927622903212} = {D3F756DD-E331-4D8C-890F-BA391CC369A8}
		{21AFE84F-4E26-4E7C-A836-736DBA5CC3B8} = {E7208134-BCBE-46C6-8F65-A5CED5ABBB9F}
		{07680E7E-043F-40CB-9BEC-F1DB7E66920E} = {D14A98B9-6CBB-4D2D-8ABF-EAB1A8FC2E58}
		{03C91601-B386-412E-9AF8-980BCAE7AD72} = {D14A98B9-6CBB-4D2D-8ABF-EAB1A8FC2E58}
		{AF56760C-50D1-409E-9981-CD0A79C3143F} = {248208B7-D4C1-4F85-BFDD-4BE2C8F19C66}
	EndGlobalSection
EndGlobal
